// !$*UTF8*$!
{
	archiveVersion = 1;
	classes = {
	};
	objectVersion = 77;
	objects = {

/* Begin PBXBuildFile section */
		A900C0A52F0E4729009FE06D /* Simple.swift in Sources */ = {isa = PBXBuildFile; fileRef = A900C0A42F0E4729009FE06D /* Simple.swift */; };
		A925D5D72F24610D001098B1 /* twoPointers.swift in Sources */ = {isa = PBXBuildFile; fileRef = A925D5D62F24610D001098B1 /* twoPointers.swift */; };
		A93270692F0F2E43001E3F1F /* dp.swift in Sources */ = {isa = PBXBuildFile; fileRef = A93270682F0F2E43001E3F1F /* dp.swift */; };
		A944D0532F10DFB80055B19D /* Greedy.swift in Sources */ = {isa = PBXBuildFile; fileRef = A944D0522F10DFB80055B19D /* Greedy.swift */; };
		A944D0552F10E0880055B19D /* Slidingwindow.swift in Sources */ = {isa = PBXBuildFile; fileRef = A944D0542F10E0880055B19D /* Slidingwindow.swift */; };
		A944D0572F10E4AD0055B19D /* Grids.swift in Sources */ = {isa = PBXBuildFile; fileRef = A944D0562F10E4AD0055B19D /* Grids.swift */; };
		A95947A72F230BA600166A97 /* k-problems.swift in Sources */ = {isa = PBXBuildFile; fileRef = A95947A62F230BA600166A97 /* k-problems.swift */; };
		A96C61322F0F7CFC00854A25 /* PrefixSuffix.swift in Sources */ = {isa = PBXBuildFile; fileRef = A96C61312F0F7CFC00854A25 /* PrefixSuffix.swift */; };
		A96C61342F0F7EA100854A25 /* hashmap.swift in Sources */ = {isa = PBXBuildFile; fileRef = A96C61332F0F7EA100854A25 /* hashmap.swift */; };
		A96C61362F0F7FFB00854A25 /* StockSpanner.swift in Sources */ = {isa = PBXBuildFile; fileRef = A96C61352F0F7FFB00854A25 /* StockSpanner.swift */; };
		A99D8F2F2F1F00B700C03DDB /* BitManipulation.swift in Sources */ = {isa = PBXBuildFile; fileRef = A99D8F2E2F1F00B700C03DDB /* BitManipulation.swift */; };
		A9E209962F1319A100EFA04E /* backtracking.swift in Sources */ = {isa = PBXBuildFile; fileRef = A9E209952F1319A100EFA04E /* backtracking.swift */; };
/* End PBXBuildFile section */

/* Begin PBXFileReference section */
		A900C0962F0E471E009FE06D /* Algoritmization.app */ = {isa = PBXFileReference; explicitFileType = wrapper.application; includeInIndex = 0; path = Algoritmization.app; sourceTree = BUILT_PRODUCTS_DIR; };
		A900C0A42F0E4729009FE06D /* Simple.swift */ = {isa = PBXFileReference; lastKnownFileType = sourcecode.swift; path = Simple.swift; sourceTree = "<group>"; };
		A925D5D62F24610D001098B1 /* twoPointers.swift */ = {isa = PBXFileReference; lastKnownFileType = sourcecode.swift; path = twoPointers.swift; sourceTree = "<group>"; };
		A93270682F0F2E43001E3F1F /* dp.swift */ = {isa = PBXFileReference; lastKnownFileType = sourcecode.swift; path = dp.swift; sourceTree = "<group>"; };
		A944D0522F10DFB80055B19D /* Greedy.swift */ = {isa = PBXFileReference; lastKnownFileType = sourcecode.swift; path = Greedy.swift; sourceTree = "<group>"; };
		A944D0542F10E0880055B19D /* Slidingwindow.swift */ = {isa = PBXFileReference; lastKnownFileType = sourcecode.swift; path = Slidingwindow.swift; sourceTree = "<group>"; };
		A944D0562F10E4AD0055B19D /* Grids.swift */ = {isa = PBXFileReference; lastKnownFileType = sourcecode.swift; path = Grids.swift; sourceTree = "<group>"; };
		A95947A62F230BA600166A97 /* k-problems.swift */ = {isa = PBXFileReference; lastKnownFileType = sourcecode.swift; path = "k-problems.swift"; sourceTree = "<group>"; };
		A96C61312F0F7CFC00854A25 /* PrefixSuffix.swift */ = {isa = PBXFileReference; lastKnownFileType = sourcecode.swift; path = PrefixSuffix.swift; sourceTree = "<group>"; };
		A96C61332F0F7EA100854A25 /* hashmap.swift */ = {isa = PBXFileReference; lastKnownFileType = sourcecode.swift; path = hashmap.swift; sourceTree = "<group>"; };
		A96C61352F0F7FFB00854A25 /* StockSpanner.swift */ = {isa = PBXFileReference; lastKnownFileType = sourcecode.swift; path = StockSpanner.swift; sourceTree = "<group>"; };
		A99D8F2E2F1F00B700C03DDB /* BitManipulation.swift */ = {isa = PBXFileReference; lastKnownFileType = sourcecode.swift; path = BitManipulation.swift; sourceTree = "<group>"; };
		A9E209952F1319A100EFA04E /* backtracking.swift */ = {isa = PBXFileReference; lastKnownFileType = sourcecode.swift; path = backtracking.swift; sourceTree = "<group>"; };
/* End PBXFileReference section */

/* Begin PBXFileSystemSynchronizedRootGroup section */
		A900C0982F0E471E009FE06D /* Algoritmization */ = {
			isa = PBXFileSystemSynchronizedRootGroup;
			path = Algoritmization;
			sourceTree = "<group>";
		};
/* End PBXFileSystemSynchronizedRootGroup section */

/* Begin PBXFrameworksBuildPhase section */
		A900C0932F0E471E009FE06D /* Frameworks */ = {
			isa = PBXFrameworksBuildPhase;
			buildActionMask = 2147483647;
			files = (
			);
			runOnlyForDeploymentPostprocessing = 0;
		};
/* End PBXFrameworksBuildPhase section */

/* Begin PBXGroup section */
		A900C08D2F0E471E009FE06D = {
			isa = PBXGroup;
			children = (
				A900C0A62F0E4760009FE06D /* Algo */,
				A900C0982F0E471E009FE06D /* Algoritmization */,
				A900C0972F0E471E009FE06D /* Products */,
			);
			sourceTree = "<group>";
		};
		A900C0972F0E471E009FE06D /* Products */ = {
			isa = PBXGroup;
			children = (
				A900C0962F0E471E009FE06D /* Algoritmization.app */,
			);
			name = Products;
			sourceTree = "<group>";
		};
		A900C0A62F0E4760009FE06D /* Algo */ = {
			isa = PBXGroup;
			children = (
				A900C0A42F0E4729009FE06D /* Simple.swift */,
				A93270682F0F2E43001E3F1F /* dp.swift */,
				A96C61312F0F7CFC00854A25 /* PrefixSuffix.swift */,
				A96C61332F0F7EA100854A25 /* hashmap.swift */,
				A96C61352F0F7FFB00854A25 /* StockSpanner.swift */,
				A944D0522F10DFB80055B19D /* Greedy.swift */,
				A944D0542F10E0880055B19D /* Slidingwindow.swift */,
				A944D0562F10E4AD0055B19D /* Grids.swift */,
				A9E209952F1319A100EFA04E /* backtracking.swift */,
				A99D8F2E2F1F00B700C03DDB /* BitManipulation.swift */,
				A95947A62F230BA600166A97 /* k-problems.swift */,
				A925D5D62F24610D001098B1 /* twoPointers.swift */,
			);
			path = Algo;
			sourceTree = "<group>";
		};
/* End PBXGroup section */

/* Begin PBXNativeTarget section */
		A900C0952F0E471E009FE06D /* Algoritmization */ = {
			isa = PBXNativeTarget;
			buildConfigurationList = A900C0A12F0E471F009FE06D /* Build configuration list for PBXNativeTarget "Algoritmization" */;
			buildPhases = (
				A900C0922F0E471E009FE06D /* Sources */,
				A900C0932F0E471E009FE06D /* Frameworks */,
				A900C0942F0E471E009FE06D /* Resources */,
			);
			buildRules = (
			);
			dependencies = (
			);
			fileSystemSynchronizedGroups = (
				A900C0982F0E471E009FE06D /* Algoritmization */,
			);
			name = Algoritmization;
			packageProductDependencies = (
			);
			productName = Algoritmization;
			productReference = A900C0962F0E471E009FE06D /* Algoritmization.app */;
			productType = "com.apple.product-type.application";
		};
/* End PBXNativeTarget section */

/* Begin PBXProject section */
		A900C08E2F0E471E009FE06D /* Project object */ = {
			isa = PBXProject;
			attributes = {
				BuildIndependentTargetsInParallel = 1;
				LastSwiftUpdateCheck = 2600;
				LastUpgradeCheck = 2600;
				TargetAttributes = {
					A900C0952F0E471E009FE06D = {
						CreatedOnToolsVersion = 26.0.1;
					};
				};
			};
			buildConfigurationList = A900C0912F0E471E009FE06D /* Build configuration list for PBXProject "Algoritmization" */;
			developmentRegion = en;
			hasScannedForEncodings = 0;
			knownRegions = (
				en,
				Base,
			);
			mainGroup = A900C08D2F0E471E009FE06D;
			minimizedProjectReferenceProxies = 1;
			preferredProjectObjectVersion = 77;
			productRefGroup = A900C0972F0E471E009FE06D /* Products */;
			projectDirPath = "";
			projectRoot = "";
			targets = (
				A900C0952F0E471E009FE06D /* Algoritmization */,
			);
		};
/* End PBXProject section */

/* Begin PBXResourcesBuildPhase section */
		A900C0942F0E471E009FE06D /* Resources */ = {
			isa = PBXResourcesBuildPhase;
			buildActionMask = 2147483647;
			files = (
			);
			runOnlyForDeploymentPostprocessing = 0;
		};
/* End PBXResourcesBuildPhase section */

/* Begin PBXSourcesBuildPhase section */
		A900C0922F0E471E009FE06D /* Sources */ = {
			isa = PBXSourcesBuildPhase;
			buildActionMask = 2147483647;
			files = (
				A96C61342F0F7EA100854A25 /* hashmap.swift in Sources */,
				A96C61322F0F7CFC00854A25 /* PrefixSuffix.swift in Sources */,
				A95947A72F230BA600166A97 /* k-problems.swift in Sources */,
				A900C0A52F0E4729009FE06D /* Simple.swift in Sources */,
				A944D0572F10E4AD0055B19D /* Grids.swift in Sources */,
				A96C61362F0F7FFB00854A25 /* StockSpanner.swift in Sources */,
				A93270692F0F2E43001E3F1F /* dp.swift in Sources */,
				A944D0552F10E0880055B19D /* Slidingwindow.swift in Sources */,
				A99D8F2F2F1F00B700C03DDB /* BitManipulation.swift in Sources */,
				A9E209962F1319A100EFA04E /* backtracking.swift in Sources */,
				A925D5D72F24610D001098B1 /* twoPointers.swift in Sources */,
				A944D0532F10DFB80055B19D /* Greedy.swift in Sources */,
			);
			runOnlyForDeploymentPostprocessing = 0;
		};
/* End PBXSourcesBuildPhase section */

/* Begin XCBuildConfiguration section */
		A900C09F2F0E471F009FE06D /* Debug */ = {
			isa = XCBuildConfiguration;
			buildSettings = {
				ALWAYS_SEARCH_USER_PATHS = NO;
				ASSETCATALOG_COMPILER_GENERATE_SWIFT_ASSET_SYMBOL_EXTENSIONS = YES;
				CLANG_ANALYZER_NONNULL = YES;
				CLANG_ANALYZER_NUMBER_OBJECT_CONVERSION = YES_AGGRESSIVE;
				CLANG_CXX_LANGUAGE_STANDARD = "gnu++20";
				CLANG_ENABLE_MODULES = YES;
				CLANG_ENABLE_OBJC_ARC = YES;
				CLANG_ENABLE_OBJC_WEAK = YES;
				CLANG_WARN_BLOCK_CAPTURE_AUTORELEASING = YES;
				CLANG_WARN_BOOL_CONVERSION = YES;
				CLANG_WARN_COMMA = YES;
				CLANG_WARN_CONSTANT_CONVERSION = YES;
				CLANG_WARN_DEPRECATED_OBJC_IMPLEMENTATIONS = YES;
				CLANG_WARN_DIRECT_OBJC_ISA_USAGE = YES_ERROR;
				CLANG_WARN_DOCUMENTATION_COMMENTS = YES;
				CLANG_WARN_EMPTY_BODY = YES;
				CLANG_WARN_ENUM_CONVERSION = YES;
				CLANG_WARN_INFINITE_RECURSION = YES;
				CLANG_WARN_INT_CONVERSION = YES;
				CLANG_WARN_NON_LITERAL_NULL_CONVERSION = YES;
				CLANG_WARN_OBJC_IMPLICIT_RETAIN_SELF = YES;
				CLANG_WARN_OBJC_LITERAL_CONVERSION = YES;
				CLANG_WARN_OBJC_ROOT_CLASS = YES_ERROR;
				CLANG_WARN_QUOTED_INCLUDE_IN_FRAMEWORK_HEADER = YES;
				CLANG_WARN_RANGE_LOOP_ANALYSIS = YES;
				CLANG_WARN_STRICT_PROTOTYPES = YES;
				CLANG_WARN_SUSPICIOUS_MOVE = YES;
				CLANG_WARN_UNGUARDED_AVAILABILITY = YES_AGGRESSIVE;
				CLANG_WARN_UNREACHABLE_CODE = YES;
				CLANG_WARN__DUPLICATE_METHOD_MATCH = YES;
				COPY_PHASE_STRIP = NO;
				DEBUG_INFORMATION_FORMAT = dwarf;
				DEVELOPMENT_TEAM = 2UBDP9T662;
				ENABLE_STRICT_OBJC_MSGSEND = YES;
				ENABLE_TESTABILITY = YES;
				ENABLE_USER_SCRIPT_SANDBOXING = YES;
				GCC_C_LANGUAGE_STANDARD = gnu17;
				GCC_DYNAMIC_NO_PIC = NO;
				GCC_NO_COMMON_BLOCKS = YES;
				GCC_OPTIMIZATION_LEVEL = 0;
				GCC_PREPROCESSOR_DEFINITIONS = (
					"DEBUG=1",
					"$(inherited)",
				);
				GCC_WARN_64_TO_32_BIT_CONVERSION = YES;
				GCC_WARN_ABOUT_RETURN_TYPE = YES_ERROR;
				GCC_WARN_UNDECLARED_SELECTOR = YES;
				GCC_WARN_UNINITIALIZED_AUTOS = YES_AGGRESSIVE;
				GCC_WARN_UNUSED_FUNCTION = YES;
				GCC_WARN_UNUSED_VARIABLE = YES;
				IPHONEOS_DEPLOYMENT_TARGET = 26.0;
				LOCALIZATION_PREFERS_STRING_CATALOGS = YES;
				MTL_ENABLE_DEBUG_INFO = INCLUDE_SOURCE;
				MTL_FAST_MATH = YES;
				ONLY_ACTIVE_ARCH = YES;
				SDKROOT = iphoneos;
				SWIFT_ACTIVE_COMPILATION_CONDITIONS = "DEBUG $(inherited)";
				SWIFT_OPTIMIZATION_LEVEL = "-Onone";
			};
			name = Debug;
		};
		A900C0A02F0E471F009FE06D /* Release */ = {
			isa = XCBuildConfiguration;
			buildSettings = {
				ALWAYS_SEARCH_USER_PATHS = NO;
				ASSETCATALOG_COMPILER_GENERATE_SWIFT_ASSET_SYMBOL_EXTENSIONS = YES;
				CLANG_ANALYZER_NONNULL = YES;
				CLANG_ANALYZER_NUMBER_OBJECT_CONVERSION = YES_AGGRESSIVE;
				CLANG_CXX_LANGUAGE_STANDARD = "gnu++20";
				CLANG_ENABLE_MODULES = YES;
				CLANG_ENABLE_OBJC_ARC = YES;
				CLANG_ENABLE_OBJC_WEAK = YES;
				CLANG_WARN_BLOCK_CAPTURE_AUTORELEASING = YES;
				CLANG_WARN_BOOL_CONVERSION = YES;
				CLANG_WARN_COMMA = YES;
				CLANG_WARN_CONSTANT_CONVERSION = YES;
				CLANG_WARN_DEPRECATED_OBJC_IMPLEMENTATIONS = YES;
				CLANG_WARN_DIRECT_OBJC_ISA_USAGE = YES_ERROR;
				CLANG_WARN_DOCUMENTATION_COMMENTS = YES;
				CLANG_WARN_EMPTY_BODY = YES;
				CLANG_WARN_ENUM_CONVERSION = YES;
				CLANG_WARN_INFINITE_RECURSION = YES;
				CLANG_WARN_INT_CONVERSION = YES;
				CLANG_WARN_NON_LITERAL_NULL_CONVERSION = YES;
				CLANG_WARN_OBJC_IMPLICIT_RETAIN_SELF = YES;
				CLANG_WARN_OBJC_LITERAL_CONVERSION = YES;
				CLANG_WARN_OBJC_ROOT_CLASS = YES_ERROR;
				CLANG_WARN_QUOTED_INCLUDE_IN_FRAMEWORK_HEADER = YES;
				CLANG_WARN_RANGE_LOOP_ANALYSIS = YES;
				CLANG_WARN_STRICT_PROTOTYPES = YES;
				CLANG_WARN_SUSPICIOUS_MOVE = YES;
				CLANG_WARN_UNGUARDED_AVAILABILITY = YES_AGGRESSIVE;
				CLANG_WARN_UNREACHABLE_CODE = YES;
				CLANG_WARN__DUPLICATE_METHOD_MATCH = YES;
				COPY_PHASE_STRIP = NO;
				DEBUG_INFORMATION_FORMAT = "dwarf-with-dsym";
				DEVELOPMENT_TEAM = 2UBDP9T662;
				ENABLE_NS_ASSERTIONS = NO;
				ENABLE_STRICT_OBJC_MSGSEND = YES;
				ENABLE_USER_SCRIPT_SANDBOXING = YES;
				GCC_C_LANGUAGE_STANDARD = gnu17;
				GCC_NO_COMMON_BLOCKS = YES;
				GCC_WARN_64_TO_32_BIT_CONVERSION = YES;
				GCC_WARN_ABOUT_RETURN_TYPE = YES_ERROR;
				GCC_WARN_UNDECLARED_SELECTOR = YES;
				GCC_WARN_UNINITIALIZED_AUTOS = YES_AGGRESSIVE;
				GCC_WARN_UNUSED_FUNCTION = YES;
				GCC_WARN_UNUSED_VARIABLE = YES;
				IPHONEOS_DEPLOYMENT_TARGET = 26.0;
				LOCALIZATION_PREFERS_STRING_CATALOGS = YES;
				MTL_ENABLE_DEBUG_INFO = NO;
				MTL_FAST_MATH = YES;
				SDKROOT = iphoneos;
				SWIFT_COMPILATION_MODE = wholemodule;
				VALIDATE_PRODUCT = YES;
			};
			name = Release;
		};
		A900C0A22F0E471F009FE06D /* Debug */ = {
			isa = XCBuildConfiguration;
			buildSettings = {
				ASSETCATALOG_COMPILER_APPICON_NAME = AppIcon;
				ASSETCATALOG_COMPILER_GLOBAL_ACCENT_COLOR_NAME = AccentColor;
				CODE_SIGN_STYLE = Automatic;
				CURRENT_PROJECT_VERSION = 1;
				DEVELOPMENT_TEAM = 2UBDP9T662;
				ENABLE_PREVIEWS = YES;
				GENERATE_INFOPLIST_FILE = YES;
				INFOPLIST_KEY_UIApplicationSceneManifest_Generation = YES;
				INFOPLIST_KEY_UIApplicationSupportsIndirectInputEvents = YES;
				INFOPLIST_KEY_UILaunchScreen_Generation = YES;
				INFOPLIST_KEY_UISupportedInterfaceOrientations_iPad = "UIInterfaceOrientationPortrait UIInterfaceOrientationPortraitUpsideDown UIInterfaceOrientationLandscapeLeft UIInterfaceOrientationLandscapeRight";
				INFOPLIST_KEY_UISupportedInterfaceOrientations_iPhone = "UIInterfaceOrientationPortrait UIInterfaceOrientationLandscapeLeft UIInterfaceOrientationLandscapeRight";
				LD_RUNPATH_SEARCH_PATHS = (
					"$(inherited)",
					"@executable_path/Frameworks",
				);
				MARKETING_VERSION = 1.0;
				PRODUCT_BUNDLE_IDENTIFIER = "kasnstantsin-klinau.Algoritmization";
				PRODUCT_NAME = "$(TARGET_NAME)";
				STRING_CATALOG_GENERATE_SYMBOLS = YES;
				SWIFT_APPROACHABLE_CONCURRENCY = YES;
				SWIFT_DEFAULT_ACTOR_ISOLATION = MainActor;
				SWIFT_EMIT_LOC_STRINGS = YES;
				SWIFT_UPCOMING_FEATURE_MEMBER_IMPORT_VISIBILITY = YES;
				SWIFT_VERSION = 5.0;
				TARGETED_DEVICE_FAMILY = "1,2";
			};
			name = Debug;
		};
		A900C0A32F0E471F009FE06D /* Release */ = {
			isa = XCBuildConfiguration;
			buildSettings = {
				ASSETCATALOG_COMPILER_APPICON_NAME = AppIcon;
				ASSETCATALOG_COMPILER_GLOBAL_ACCENT_COLOR_NAME = AccentColor;
				CODE_SIGN_STYLE = Automatic;
				CURRENT_PROJECT_VERSION = 1;
				DEVELOPMENT_TEAM = 2UBDP9T662;
				ENABLE_PREVIEWS = YES;
				GENERATE_INFOPLIST_FILE = YES;
				INFOPLIST_KEY_UIApplicationSceneManifest_Generation = YES;
				INFOPLIST_KEY_UIApplicationSupportsIndirectInputEvents = YES;
				INFOPLIST_KEY_UILaunchScreen_Generation = YES;
				INFOPLIST_KEY_UISupportedInterfaceOrientations_iPad = "UIInterfaceOrientationPortrait UIInterfaceOrientationPortraitUpsideDown UIInterfaceOrientationLandscapeLeft UIInterfaceOrientationLandscapeRight";
				INFOPLIST_KEY_UISupportedInterfaceOrientations_iPhone = "UIInterfaceOrientationPortrait UIInterfaceOrientationLandscapeLeft UIInterfaceOrientationLandscapeRight";
				LD_RUNPATH_SEARCH_PATHS = (
					"$(inherited)",
					"@executable_path/Frameworks",
				);
				MARKETING_VERSION = 1.0;
				PRODUCT_BUNDLE_IDENTIFIER = "kasnstantsin-klinau.Algoritmization";
				PRODUCT_NAME = "$(TARGET_NAME)";
				STRING_CATALOG_GENERATE_SYMBOLS = YES;
				SWIFT_APPROACHABLE_CONCURRENCY = YES;
				SWIFT_DEFAULT_ACTOR_ISOLATION = MainActor;
				SWIFT_EMIT_LOC_STRINGS = YES;
				SWIFT_UPCOMING_FEATURE_MEMBER_IMPORT_VISIBILITY = YES;
				SWIFT_VERSION = 5.0;
				TARGETED_DEVICE_FAMILY = "1,2";
			};
			name = Release;
		};
/* End XCBuildConfiguration section */

/* Begin XCConfigurationList section */
		A900C0912F0E471E009FE06D /* Build configuration list for PBXProject "Algoritmization" */ = {
			isa = XCConfigurationList;
			buildConfigurations = (
				A900C09F2F0E471F009FE06D /* Debug */,
				A900C0A02F0E471F009FE06D /* Release */,
			);
			defaultConfigurationIsVisible = 0;
			defaultConfigurationName = Release;
		};
		A900C0A12F0E471F009FE06D /* Build configuration list for PBXNativeTarget "Algoritmization" */ = {
			isa = XCConfigurationList;
			buildConfigurations = (
				A900C0A22F0E471F009FE06D /* Debug */,
				A900C0A32F0E471F009FE06D /* Release */,
			);
			defaultConfigurationIsVisible = 0;
			defaultConfigurationName = Release;
		};
/* End XCConfigurationList section */
	};
	rootObject = A900C08E2F0E471E009FE06D /* Project object */;
}
